
Microsoft Visual Studio Solution File, Format Version 12.00
# Visual Studio Version 17
VisualStudioVersion = 17.6.33829.357
MinimumVisualStudioVersion = 10.0.40219.1
Project("{FAE04EC0-301F-11D3-BF4B-00C04F79EFBC}") = "ApplicationProject", "ApplicationProject\ApplicationProject.csproj", "{50B4034E-E662-48F5-BD90-876CAF96B0B3}"
EndProject
Global
	GlobalSection(SolutionConfigurationPlatforms) = preSolution
		Debug|Any CPU = Debug|Any CPU
		Release|Any CPU = Release|Any CPU
	EndGlobalSection
	GlobalSection(ProjectConfigurationPlatforms) = postSolution
		{50B4034E-E662-48F5-BD90-876CAF96B0B3}.Debug|Any CPU.ActiveCfg = Debug|Any CPU
		{50B4034E-E662-48F5-BD90-876CAF96B0B3}.Debug|Any CPU.Build.0 = Debug|Any CPU
		{50B4034E-E662-48F5-BD90-876CAF96B0B3}.Release|Any CPU.ActiveCfg = Release|Any CPU
		{50B4034E-E662-48F5-BD90-876CAF96B0B3}.Release|Any CPU.Build.0 = Release|Any CPU
	EndGlobalSection
	GlobalSection(SolutionProperties) = preSolution
		HideSolutionNode = FALSE
	EndGlobalSection
	GlobalSection(ExtensibilityGlobals) = postSolution
		SolutionGuid = {9934E4BF-C9F0-40E4-8669-6E6BA3F1E206}
	EndGlobalSection
EndGlobal
